
Microsoft Visual Studio Solution File, Format Version 12.00
# Visual Studio 15
VisualStudioVersion = 15.0.27004.2002
MinimumVisualStudioVersion = 10.0.40219.1
Project("{FAE04EC0-301F-11D3-BF4B-00C04F79EFBC}") = "task1", "task1\task1.csproj", "{16ADBCAB-B4FC-457E-95E4-80723D1F7716}"
EndProject
Global
	GlobalSection(SolutionConfigurationPlatforms) = preSolution
		Debug|Any CPU = Debug|Any CPU
		Release|Any CPU = Release|Any CPU
	EndGlobalSection
	GlobalSection(ProjectConfigurationPlatforms) = postSolution
		{16ADBCAB-B4FC-457E-95E4-80723D1F7716}.Debug|Any CPU.ActiveCfg = Debug|Any CPU
		{16ADBCAB-B4FC-457E-95E4-80723D1F7716}.Debug|Any CPU.Build.0 = Debug|Any CPU
		{16ADBCAB-B4FC-457E-95E4-80723D1F7716}.Release|Any CPU.ActiveCfg = Release|Any CPU
		{16ADBCAB-B4FC-457E-95E4-80723D1F7716}.Release|Any CPU.Build.0 = Release|Any CPU
	EndGlobalSection
	GlobalSection(SolutionProperties) = preSolution
		HideSolutionNode = FALSE
	EndGlobalSection
	GlobalSection(ExtensibilityGlobals) = postSolution
		SolutionGuid = {996210AC-3A09-4371-A80A-7B234F6BE645}
	EndGlobalSection
EndGlobal
